// !$*UTF8*$!
{
	archiveVersion = 1;
	classes = {
	};
	objectVersion = 56;
	objects = {

/* Begin PBXBuildFile section */
		322FD8FF2B77348100807D07 /* UserIconPlaceholder.swift in Sources */ = {isa = PBXBuildFile; fileRef = 322FD8FE2B77348100807D07 /* UserIconPlaceholder.swift */; };
		322FD9032B77415B00807D07 /* TabbarView_Teacher.swift in Sources */ = {isa = PBXBuildFile; fileRef = 322FD9022B77415B00807D07 /* TabbarView_Teacher.swift */; };
		322FD9052B7741BC00807D07 /* CustomaTabbarView_Teacher.swift in Sources */ = {isa = PBXBuildFile; fileRef = 322FD9042B7741BC00807D07 /* CustomaTabbarView_Teacher.swift */; };
		322FD9082B77453100807D07 /* TabbarView_Student.swift in Sources */ = {isa = PBXBuildFile; fileRef = 322FD9072B77453100807D07 /* TabbarView_Student.swift */; };
		322FD90B2B7788DD00807D07 /* HomeScreenViewModel.swift in Sources */ = {isa = PBXBuildFile; fileRef = 322FD90A2B7788DD00807D07 /* HomeScreenViewModel.swift */; };
		322FD90E2B778DFA00807D07 /* BackendManager.swift in Sources */ = {isa = PBXBuildFile; fileRef = 322FD90D2B778DFA00807D07 /* BackendManager.swift */; };
		322FD9112B778EB500807D07 /* UserModel.swift in Sources */ = {isa = PBXBuildFile; fileRef = 322FD9102B778EB500807D07 /* UserModel.swift */; };
		324AAA3B2B64E918002443CC /* SelectRoleForRegisterationView.swift in Sources */ = {isa = PBXBuildFile; fileRef = 324AAA3A2B64E918002443CC /* SelectRoleForRegisterationView.swift */; };
		324AAA3D2B64EAD2002443CC /* UserAuthenticationModel.swift in Sources */ = {isa = PBXBuildFile; fileRef = 324AAA3C2B64EAD2002443CC /* UserAuthenticationModel.swift */; };
		324AAA3F2B64ED5B002443CC /* RoleSelectionButtons.swift in Sources */ = {isa = PBXBuildFile; fileRef = 324AAA3E2B64ED5B002443CC /* RoleSelectionButtons.swift */; };
		324AAA412B65109D002443CC /* SignUpView.swift in Sources */ = {isa = PBXBuildFile; fileRef = 324AAA402B65109D002443CC /* SignUpView.swift */; };
		32634E342B639015002412BD /* WelcomeView.swift in Sources */ = {isa = PBXBuildFile; fileRef = 32634E332B639015002412BD /* WelcomeView.swift */; };
		32634E382B63919E002412BD /* ButtonGradients.swift in Sources */ = {isa = PBXBuildFile; fileRef = 32634E372B63919E002412BD /* ButtonGradients.swift */; };
		32634E3B2B63971B002412BD /* TextExtension.swift in Sources */ = {isa = PBXBuildFile; fileRef = 32634E3A2B63971B002412BD /* TextExtension.swift */; };
		32634E412B63C55D002412BD /* SignInView.swift in Sources */ = {isa = PBXBuildFile; fileRef = 32634E402B63C55C002412BD /* SignInView.swift */; };
		32634E442B63CEEC002412BD /* TextFieldCustomStyle.swift in Sources */ = {isa = PBXBuildFile; fileRef = 32634E432B63CEEC002412BD /* TextFieldCustomStyle.swift */; };
		32634E492B63FB82002412BD /* BlobShape.swift in Sources */ = {isa = PBXBuildFile; fileRef = 32634E482B63FB82002412BD /* BlobShape.swift */; };
		3283F7BC2B6FB38D00A8164D /* GoogleSignIn in Frameworks */ = {isa = PBXBuildFile; productRef = 3283F7BB2B6FB38D00A8164D /* GoogleSignIn */; };
		3283F7BE2B6FB38D00A8164D /* GoogleSignInSwift in Frameworks */ = {isa = PBXBuildFile; productRef = 3283F7BD2B6FB38D00A8164D /* GoogleSignInSwift */; };
		329668332B67B59C0087068C /* Student_HomeScreenView.swift in Sources */ = {isa = PBXBuildFile; fileRef = 329668322B67B59C0087068C /* Student_HomeScreenView.swift */; };
		329668372B67E7660087068C /* Student_PDFListView.swift in Sources */ = {isa = PBXBuildFile; fileRef = 329668362B67E7660087068C /* Student_PDFListView.swift */; };
		32AB230C2B62AAF70033FB37 /* RocketApp.swift in Sources */ = {isa = PBXBuildFile; fileRef = 32AB230B2B62AAF70033FB37 /* RocketApp.swift */; };
		32AB230E2B62AAF70033FB37 /* ContentView.swift in Sources */ = {isa = PBXBuildFile; fileRef = 32AB230D2B62AAF70033FB37 /* ContentView.swift */; };
		32AB23102B62AAF90033FB37 /* Assets.xcassets in Resources */ = {isa = PBXBuildFile; fileRef = 32AB230F2B62AAF90033FB37 /* Assets.xcassets */; };
		32AB23132B62AAF90033FB37 /* Preview Assets.xcassets in Resources */ = {isa = PBXBuildFile; fileRef = 32AB23122B62AAF90033FB37 /* Preview Assets.xcassets */; };
		32AB23152B62AAF90033FB37 /* Persistence.swift in Sources */ = {isa = PBXBuildFile; fileRef = 32AB23142B62AAF90033FB37 /* Persistence.swift */; };
		32AB23182B62AAF90033FB37 /* Rocket.xcdatamodeld in Sources */ = {isa = PBXBuildFile; fileRef = 32AB23162B62AAF90033FB37 /* Rocket.xcdatamodeld */; };
		32AB23272B62B9C70033FB37 /* Poppins-Regular.ttf in Resources */ = {isa = PBXBuildFile; fileRef = 32AB23232B62B9C70033FB37 /* Poppins-Regular.ttf */; };
		32AB23282B62B9C70033FB37 /* Poppins-Medium.ttf in Resources */ = {isa = PBXBuildFile; fileRef = 32AB23242B62B9C70033FB37 /* Poppins-Medium.ttf */; };
		32AB23292B62B9C70033FB37 /* Poppins-Light.ttf in Resources */ = {isa = PBXBuildFile; fileRef = 32AB23252B62B9C70033FB37 /* Poppins-Light.ttf */; };
		32AB232A2B62B9C70033FB37 /* Poppins-SemiBold.ttf in Resources */ = {isa = PBXBuildFile; fileRef = 32AB23262B62B9C70033FB37 /* Poppins-SemiBold.ttf */; };
		32CC36102B68E66A002B7A85 /* TabbarViewModel.swift in Sources */ = {isa = PBXBuildFile; fileRef = 32CC360F2B68E66A002B7A85 /* TabbarViewModel.swift */; };
		32CC36122B68F779002B7A85 /* TabbarView.swift in Sources */ = {isa = PBXBuildFile; fileRef = 32CC36112B68F779002B7A85 /* TabbarView.swift */; };
		32CC36152B68FAD3002B7A85 /* CustomTabbarView.swift in Sources */ = {isa = PBXBuildFile; fileRef = 32CC36142B68FAD3002B7A85 /* CustomTabbarView.swift */; };
		32CC36172B691B70002B7A85 /* Teacher_HomeScreenView.swift in Sources */ = {isa = PBXBuildFile; fileRef = 32CC36162B691B70002B7A85 /* Teacher_HomeScreenView.swift */; };
		32CC361A2B691C55002B7A85 /* RecievedPDFFilesBox.swift in Sources */ = {isa = PBXBuildFile; fileRef = 32CC36192B691C55002B7A85 /* RecievedPDFFilesBox.swift */; };
		32CC361D2B691F51002B7A85 /* PDFFIleIcon.swift in Sources */ = {isa = PBXBuildFile; fileRef = 32CC361C2B691F51002B7A85 /* PDFFIleIcon.swift */; };
		32CC36202B6926B8002B7A85 /* ClassroomsListView.swift in Sources */ = {isa = PBXBuildFile; fileRef = 32CC361F2B6926B8002B7A85 /* ClassroomsListView.swift */; };
		32CC36222B6928E5002B7A85 /* ClassroomCirclePFP.swift in Sources */ = {isa = PBXBuildFile; fileRef = 32CC36212B6928E5002B7A85 /* ClassroomCirclePFP.swift */; };
		32D1E8A72B6CAEEC005E1BE8 /* Student_JoinedClassrormView.swift in Sources */ = {isa = PBXBuildFile; fileRef = 32D1E8A62B6CAEEC005E1BE8 /* Student_JoinedClassrormView.swift */; };
		32D1E8A92B6CB2CE005E1BE8 /* UserCirclePFP.swift in Sources */ = {isa = PBXBuildFile; fileRef = 32D1E8A82B6CB2CE005E1BE8 /* UserCirclePFP.swift */; };
		32D1E8AC2B6CB49E005E1BE8 /* AssignedWorkBoxItem.swift in Sources */ = {isa = PBXBuildFile; fileRef = 32D1E8AB2B6CB49E005E1BE8 /* AssignedWorkBoxItem.swift */; };
		32D1E8AF2B6CC810005E1BE8 /* Teacher_ClassroomView.swift in Sources */ = {isa = PBXBuildFile; fileRef = 32D1E8AE2B6CC810005E1BE8 /* Teacher_ClassroomView.swift */; };
		32D1E8B22B6CCBA0005E1BE8 /* AssignmentInfoView.swift in Sources */ = {isa = PBXBuildFile; fileRef = 32D1E8B12B6CCBA0005E1BE8 /* AssignmentInfoView.swift */; };
		32D1E8B62B6CED1B005E1BE8 /* ConversationView.swift in Sources */ = {isa = PBXBuildFile; fileRef = 32D1E8B52B6CED1B005E1BE8 /* ConversationView.swift */; };
		32D1E8B92B6CEDC8005E1BE8 /* ChatBubbleItem.swift in Sources */ = {isa = PBXBuildFile; fileRef = 32D1E8B82B6CEDC8005E1BE8 /* ChatBubbleItem.swift */; };
		32D1E8BB2B6D11CA005E1BE8 /* SelectClassView.swift in Sources */ = {isa = PBXBuildFile; fileRef = 32D1E8BA2B6D11CA005E1BE8 /* SelectClassView.swift */; };
		32D4DFF52B70B4CD0075E689 /* GoogleAuthentication.swift in Sources */ = {isa = PBXBuildFile; fileRef = 32D4DFF42B70B4CD0075E689 /* GoogleAuthentication.swift */; };
		32DC93272B6A79F500559C65 /* Student_ClassroomsView.swift in Sources */ = {isa = PBXBuildFile; fileRef = 32DC93262B6A79F500559C65 /* Student_ClassroomsView.swift */; };
		32DC932A2B6A7A7500559C65 /* ProfileHeader.swift in Sources */ = {isa = PBXBuildFile; fileRef = 32DC93292B6A7A7500559C65 /* ProfileHeader.swift */; };
		32DC932D2B6A7B4400559C65 /* Search_Bar.swift in Sources */ = {isa = PBXBuildFile; fileRef = 32DC932C2B6A7B4400559C65 /* Search_Bar.swift */; };
		32E894F32B6B94CB0046066D /* DispatchWorkView.swift in Sources */ = {isa = PBXBuildFile; fileRef = 32E894F22B6B94CB0046066D /* DispatchWorkView.swift */; };
/* End PBXBuildFile section */

/* Begin PBXFileReference section */
		322FD8FE2B77348100807D07 /* UserIconPlaceholder.swift */ = {isa = PBXFileReference; lastKnownFileType = sourcecode.swift; path = UserIconPlaceholder.swift; sourceTree = "<group>"; };
		322FD9022B77415B00807D07 /* TabbarView_Teacher.swift */ = {isa = PBXFileReference; lastKnownFileType = sourcecode.swift; path = TabbarView_Teacher.swift; sourceTree = "<group>"; };
		322FD9042B7741BC00807D07 /* CustomaTabbarView_Teacher.swift */ = {isa = PBXFileReference; lastKnownFileType = sourcecode.swift; path = CustomaTabbarView_Teacher.swift; sourceTree = "<group>"; };
		322FD9072B77453100807D07 /* TabbarView_Student.swift */ = {isa = PBXFileReference; lastKnownFileType = sourcecode.swift; path = TabbarView_Student.swift; sourceTree = "<group>"; };
		322FD90A2B7788DD00807D07 /* HomeScreenViewModel.swift */ = {isa = PBXFileReference; lastKnownFileType = sourcecode.swift; path = HomeScreenViewModel.swift; sourceTree = "<group>"; };
		322FD90D2B778DFA00807D07 /* BackendManager.swift */ = {isa = PBXFileReference; lastKnownFileType = sourcecode.swift; path = BackendManager.swift; sourceTree = "<group>"; };
		322FD9102B778EB500807D07 /* UserModel.swift */ = {isa = PBXFileReference; lastKnownFileType = sourcecode.swift; path = UserModel.swift; sourceTree = "<group>"; };
		324AAA3A2B64E918002443CC /* SelectRoleForRegisterationView.swift */ = {isa = PBXFileReference; lastKnownFileType = sourcecode.swift; path = SelectRoleForRegisterationView.swift; sourceTree = "<group>"; };
		324AAA3C2B64EAD2002443CC /* UserAuthenticationModel.swift */ = {isa = PBXFileReference; lastKnownFileType = sourcecode.swift; path = UserAuthenticationModel.swift; sourceTree = "<group>"; };
		324AAA3E2B64ED5B002443CC /* RoleSelectionButtons.swift */ = {isa = PBXFileReference; lastKnownFileType = sourcecode.swift; path = RoleSelectionButtons.swift; sourceTree = "<group>"; };
		324AAA402B65109D002443CC /* SignUpView.swift */ = {isa = PBXFileReference; lastKnownFileType = sourcecode.swift; path = SignUpView.swift; sourceTree = "<group>"; };
		32634E332B639015002412BD /* WelcomeView.swift */ = {isa = PBXFileReference; lastKnownFileType = sourcecode.swift; path = WelcomeView.swift; sourceTree = "<group>"; };
		32634E372B63919E002412BD /* ButtonGradients.swift */ = {isa = PBXFileReference; lastKnownFileType = sourcecode.swift; path = ButtonGradients.swift; sourceTree = "<group>"; };
		32634E3A2B63971B002412BD /* TextExtension.swift */ = {isa = PBXFileReference; lastKnownFileType = sourcecode.swift; path = TextExtension.swift; sourceTree = "<group>"; };
		32634E402B63C55C002412BD /* SignInView.swift */ = {isa = PBXFileReference; lastKnownFileType = sourcecode.swift; path = SignInView.swift; sourceTree = "<group>"; };
		32634E432B63CEEC002412BD /* TextFieldCustomStyle.swift */ = {isa = PBXFileReference; lastKnownFileType = sourcecode.swift; path = TextFieldCustomStyle.swift; sourceTree = "<group>"; };
		32634E482B63FB82002412BD /* BlobShape.swift */ = {isa = PBXFileReference; lastKnownFileType = sourcecode.swift; path = BlobShape.swift; sourceTree = "<group>"; };
		329668322B67B59C0087068C /* Student_HomeScreenView.swift */ = {isa = PBXFileReference; lastKnownFileType = sourcecode.swift; path = Student_HomeScreenView.swift; sourceTree = "<group>"; };
		329668362B67E7660087068C /* Student_PDFListView.swift */ = {isa = PBXFileReference; lastKnownFileType = sourcecode.swift; path = Student_PDFListView.swift; sourceTree = "<group>"; };
		32AB23082B62AAF70033FB37 /* Rocket.app */ = {isa = PBXFileReference; explicitFileType = wrapper.application; includeInIndex = 0; path = Rocket.app; sourceTree = BUILT_PRODUCTS_DIR; };
		32AB230B2B62AAF70033FB37 /* RocketApp.swift */ = {isa = PBXFileReference; lastKnownFileType = sourcecode.swift; path = RocketApp.swift; sourceTree = "<group>"; };
		32AB230D2B62AAF70033FB37 /* ContentView.swift */ = {isa = PBXFileReference; lastKnownFileType = sourcecode.swift; path = ContentView.swift; sourceTree = "<group>"; };
		32AB230F2B62AAF90033FB37 /* Assets.xcassets */ = {isa = PBXFileReference; lastKnownFileType = folder.assetcatalog; path = Assets.xcassets; sourceTree = "<group>"; };
		32AB23122B62AAF90033FB37 /* Preview Assets.xcassets */ = {isa = PBXFileReference; lastKnownFileType = folder.assetcatalog; path = "Preview Assets.xcassets"; sourceTree = "<group>"; };
		32AB23142B62AAF90033FB37 /* Persistence.swift */ = {isa = PBXFileReference; lastKnownFileType = sourcecode.swift; path = Persistence.swift; sourceTree = "<group>"; };
		32AB23172B62AAF90033FB37 /* Rocket.xcdatamodel */ = {isa = PBXFileReference; lastKnownFileType = wrapper.xcdatamodel; path = Rocket.xcdatamodel; sourceTree = "<group>"; };
		32AB23232B62B9C70033FB37 /* Poppins-Regular.ttf */ = {isa = PBXFileReference; lastKnownFileType = file; path = "Poppins-Regular.ttf"; sourceTree = "<group>"; };
		32AB23242B62B9C70033FB37 /* Poppins-Medium.ttf */ = {isa = PBXFileReference; lastKnownFileType = file; path = "Poppins-Medium.ttf"; sourceTree = "<group>"; };
		32AB23252B62B9C70033FB37 /* Poppins-Light.ttf */ = {isa = PBXFileReference; lastKnownFileType = file; path = "Poppins-Light.ttf"; sourceTree = "<group>"; };
		32AB23262B62B9C70033FB37 /* Poppins-SemiBold.ttf */ = {isa = PBXFileReference; lastKnownFileType = file; path = "Poppins-SemiBold.ttf"; sourceTree = "<group>"; };
		32AB232B2B62B9D40033FB37 /* Info.plist */ = {isa = PBXFileReference; lastKnownFileType = text.plist; path = Info.plist; sourceTree = "<group>"; };
		32CC360F2B68E66A002B7A85 /* TabbarViewModel.swift */ = {isa = PBXFileReference; lastKnownFileType = sourcecode.swift; path = TabbarViewModel.swift; sourceTree = "<group>"; };
		32CC36112B68F779002B7A85 /* TabbarView.swift */ = {isa = PBXFileReference; lastKnownFileType = sourcecode.swift; path = TabbarView.swift; sourceTree = "<group>"; };
		32CC36142B68FAD3002B7A85 /* CustomTabbarView.swift */ = {isa = PBXFileReference; lastKnownFileType = sourcecode.swift; path = CustomTabbarView.swift; sourceTree = "<group>"; };
		32CC36162B691B70002B7A85 /* Teacher_HomeScreenView.swift */ = {isa = PBXFileReference; lastKnownFileType = sourcecode.swift; path = Teacher_HomeScreenView.swift; sourceTree = "<group>"; };
		32CC36192B691C55002B7A85 /* RecievedPDFFilesBox.swift */ = {isa = PBXFileReference; lastKnownFileType = sourcecode.swift; path = RecievedPDFFilesBox.swift; sourceTree = "<group>"; };
		32CC361C2B691F51002B7A85 /* PDFFIleIcon.swift */ = {isa = PBXFileReference; lastKnownFileType = sourcecode.swift; path = PDFFIleIcon.swift; sourceTree = "<group>"; };
		32CC361F2B6926B8002B7A85 /* ClassroomsListView.swift */ = {isa = PBXFileReference; lastKnownFileType = sourcecode.swift; path = ClassroomsListView.swift; sourceTree = "<group>"; };
		32CC36212B6928E5002B7A85 /* ClassroomCirclePFP.swift */ = {isa = PBXFileReference; lastKnownFileType = sourcecode.swift; path = ClassroomCirclePFP.swift; sourceTree = "<group>"; };
		32D1E8A62B6CAEEC005E1BE8 /* Student_JoinedClassrormView.swift */ = {isa = PBXFileReference; lastKnownFileType = sourcecode.swift; path = Student_JoinedClassrormView.swift; sourceTree = "<group>"; };
		32D1E8A82B6CB2CE005E1BE8 /* UserCirclePFP.swift */ = {isa = PBXFileReference; lastKnownFileType = sourcecode.swift; path = UserCirclePFP.swift; sourceTree = "<group>"; };
		32D1E8AB2B6CB49E005E1BE8 /* AssignedWorkBoxItem.swift */ = {isa = PBXFileReference; lastKnownFileType = sourcecode.swift; path = AssignedWorkBoxItem.swift; sourceTree = "<group>"; };
		32D1E8AE2B6CC810005E1BE8 /* Teacher_ClassroomView.swift */ = {isa = PBXFileReference; lastKnownFileType = sourcecode.swift; path = Teacher_ClassroomView.swift; sourceTree = "<group>"; };
		32D1E8B12B6CCBA0005E1BE8 /* AssignmentInfoView.swift */ = {isa = PBXFileReference; lastKnownFileType = sourcecode.swift; path = AssignmentInfoView.swift; sourceTree = "<group>"; };
		32D1E8B52B6CED1B005E1BE8 /* ConversationView.swift */ = {isa = PBXFileReference; lastKnownFileType = sourcecode.swift; path = ConversationView.swift; sourceTree = "<group>"; };
		32D1E8B82B6CEDC8005E1BE8 /* ChatBubbleItem.swift */ = {isa = PBXFileReference; lastKnownFileType = sourcecode.swift; path = ChatBubbleItem.swift; sourceTree = "<group>"; };
		32D1E8BA2B6D11CA005E1BE8 /* SelectClassView.swift */ = {isa = PBXFileReference; lastKnownFileType = sourcecode.swift; path = SelectClassView.swift; sourceTree = "<group>"; };
		32D4DFF42B70B4CD0075E689 /* GoogleAuthentication.swift */ = {isa = PBXFileReference; lastKnownFileType = sourcecode.swift; path = GoogleAuthentication.swift; sourceTree = "<group>"; };
		32DC93262B6A79F500559C65 /* Student_ClassroomsView.swift */ = {isa = PBXFileReference; lastKnownFileType = sourcecode.swift; path = Student_ClassroomsView.swift; sourceTree = "<group>"; };
		32DC93292B6A7A7500559C65 /* ProfileHeader.swift */ = {isa = PBXFileReference; lastKnownFileType = sourcecode.swift; path = ProfileHeader.swift; sourceTree = "<group>"; };
		32DC932C2B6A7B4400559C65 /* Search_Bar.swift */ = {isa = PBXFileReference; lastKnownFileType = sourcecode.swift; path = Search_Bar.swift; sourceTree = "<group>"; };
		32E894F22B6B94CB0046066D /* DispatchWorkView.swift */ = {isa = PBXFileReference; lastKnownFileType = sourcecode.swift; path = DispatchWorkView.swift; sourceTree = "<group>"; };
/* End PBXFileReference section */

/* Begin PBXFrameworksBuildPhase section */
		32AB23052B62AAF70033FB37 /* Frameworks */ = {
			isa = PBXFrameworksBuildPhase;
			buildActionMask = 2147483647;
			files = (
				3283F7BC2B6FB38D00A8164D /* GoogleSignIn in Frameworks */,
				3283F7BE2B6FB38D00A8164D /* GoogleSignInSwift in Frameworks */,
			);
			runOnlyForDeploymentPostprocessing = 0;
		};
/* End PBXFrameworksBuildPhase section */

/* Begin PBXGroup section */
		322FD8FD2B77346100807D07 /* PFP */ = {
			isa = PBXGroup;
			children = (
				32CC36212B6928E5002B7A85 /* ClassroomCirclePFP.swift */,
				32D1E8A82B6CB2CE005E1BE8 /* UserCirclePFP.swift */,
			);
			path = PFP;
			sourceTree = "<group>";
		};
		322FD9002B77413600807D07 /* Teacher */ = {
			isa = PBXGroup;
			children = (
				322FD9022B77415B00807D07 /* TabbarView_Teacher.swift */,
				322FD9042B7741BC00807D07 /* CustomaTabbarView_Teacher.swift */,
			);
			path = Teacher;
			sourceTree = "<group>";
		};
		322FD9062B7743A400807D07 /* Student */ = {
			isa = PBXGroup;
			children = (
				32CC36142B68FAD3002B7A85 /* CustomTabbarView.swift */,
				322FD9072B77453100807D07 /* TabbarView_Student.swift */,
			);
			path = Student;
			sourceTree = "<group>";
		};
		322FD9092B77888F00807D07 /* ViewModel */ = {
			isa = PBXGroup;
			children = (
				322FD90A2B7788DD00807D07 /* HomeScreenViewModel.swift */,
			);
			path = ViewModel;
			sourceTree = "<group>";
		};
		322FD90C2B778DE300807D07 /* BackendManager */ = {
			isa = PBXGroup;
			children = (
				322FD90D2B778DFA00807D07 /* BackendManager.swift */,
			);
			path = BackendManager;
			sourceTree = "<group>";
		};
		322FD90F2B778EAB00807D07 /* Model */ = {
			isa = PBXGroup;
			children = (
				322FD9102B778EB500807D07 /* UserModel.swift */,
			);
			path = Model;
			sourceTree = "<group>";
		};
		32634E312B638FF8002412BD /* WelcomeView */ = {
			isa = PBXGroup;
			children = (
				32634E332B639015002412BD /* WelcomeView.swift */,
			);
			path = WelcomeView;
			sourceTree = "<group>";
		};
		32634E352B639186002412BD /* Components */ = {
			isa = PBXGroup;
			children = (
				322FD8FD2B77346100807D07 /* PFP */,
				32D1E8B72B6CEDB2005E1BE8 /* ChatBubbleItem */,
				32D1E8AA2B6CB423005E1BE8 /* AssignedWorkBoxItem */,
				32DC932B2B6A7B3400559C65 /* SearchBar */,
				32DC93282B6A7A5F00559C65 /* ProfileHeader */,
				32CC361E2B692693002B7A85 /* ClassroomsListView */,
				32CC36182B691C30002B7A85 /* RecievedPDFFIlesBox */,
				329668352B67E74B0087068C /* PDFListViews */,
				32634E452B63FB61002412BD /* Shapes */,
				32634E422B63CEC9002412BD /* Modifiers */,
				32CC361B2B691F40002B7A85 /* CustomImageIcons */,
				32634E362B639192002412BD /* Gradients */,
			);
			path = Components;
			sourceTree = "<group>";
		};
		32634E362B639192002412BD /* Gradients */ = {
			isa = PBXGroup;
			children = (
				32634E372B63919E002412BD /* ButtonGradients.swift */,
			);
			path = Gradients;
			sourceTree = "<group>";
		};
		32634E392B6396FF002412BD /* Extensions */ = {
			isa = PBXGroup;
			children = (
				32634E3A2B63971B002412BD /* TextExtension.swift */,
			);
			path = Extensions;
			sourceTree = "<group>";
		};
		32634E3C2B63C503002412BD /* Authentication */ = {
			isa = PBXGroup;
			children = (
				32634E3E2B63C540002412BD /* ViewModel */,
				32634E3D2B63C534002412BD /* View */,
			);
			path = Authentication;
			sourceTree = "<group>";
		};
		32634E3D2B63C534002412BD /* View */ = {
			isa = PBXGroup;
			children = (
				32634E402B63C55C002412BD /* SignInView.swift */,
				324AAA3A2B64E918002443CC /* SelectRoleForRegisterationView.swift */,
				324AAA402B65109D002443CC /* SignUpView.swift */,
			);
			path = View;
			sourceTree = "<group>";
		};
		32634E3E2B63C540002412BD /* ViewModel */ = {
			isa = PBXGroup;
			children = (
				324AAA3C2B64EAD2002443CC /* UserAuthenticationModel.swift */,
			);
			path = ViewModel;
			sourceTree = "<group>";
		};
		32634E422B63CEC9002412BD /* Modifiers */ = {
			isa = PBXGroup;
			children = (
				32634E432B63CEEC002412BD /* TextFieldCustomStyle.swift */,
				324AAA3E2B64ED5B002443CC /* RoleSelectionButtons.swift */,
			);
			path = Modifiers;
			sourceTree = "<group>";
		};
		32634E452B63FB61002412BD /* Shapes */ = {
			isa = PBXGroup;
			children = (
				32634E482B63FB82002412BD /* BlobShape.swift */,
			);
			path = Shapes;
			sourceTree = "<group>";
		};
		3296682F2B67B5650087068C /* HomeScreen */ = {
			isa = PBXGroup;
			children = (
				322FD9092B77888F00807D07 /* ViewModel */,
				329668312B67B57D0087068C /* Teacher */,
				329668302B67B5770087068C /* Student */,
			);
			path = HomeScreen;
			sourceTree = "<group>";
		};
		329668302B67B5770087068C /* Student */ = {
			isa = PBXGroup;
			children = (
				329668322B67B59C0087068C /* Student_HomeScreenView.swift */,
			);
			path = Student;
			sourceTree = "<group>";
		};
		329668312B67B57D0087068C /* Teacher */ = {
			isa = PBXGroup;
			children = (
				32CC36162B691B70002B7A85 /* Teacher_HomeScreenView.swift */,
			);
			path = Teacher;
			sourceTree = "<group>";
		};
		329668352B67E74B0087068C /* PDFListViews */ = {
			isa = PBXGroup;
			children = (
				329668362B67E7660087068C /* Student_PDFListView.swift */,
			);
			path = PDFListViews;
			sourceTree = "<group>";
		};
		32AB22FF2B62AAF70033FB37 = {
			isa = PBXGroup;
			children = (
				32AB230A2B62AAF70033FB37 /* Rocket */,
				32AB23092B62AAF70033FB37 /* Products */,
			);
			sourceTree = "<group>";
		};
		32AB23092B62AAF70033FB37 /* Products */ = {
			isa = PBXGroup;
			children = (
				32AB23082B62AAF70033FB37 /* Rocket.app */,
			);
			name = Products;
			sourceTree = "<group>";
		};
		32AB230A2B62AAF70033FB37 /* Rocket */ = {
			isa = PBXGroup;
			children = (
				322FD90F2B778EAB00807D07 /* Model */,
				322FD90C2B778DE300807D07 /* BackendManager */,
				32D4DFF32B70B4AC0075E689 /* SocialAuthentication */,
				32AB232B2B62B9D40033FB37 /* Info.plist */,
				32AB23222B62B9830033FB37 /* CoreData */,
				32AB23212B62B9780033FB37 /* Fonts */,
				32AB23202B62B96F0033FB37 /* ContentView */,
				32AB231F2B62B9540033FB37 /* Core */,
				32AB231E2B62B9500033FB37 /* App */,
				32634E392B6396FF002412BD /* Extensions */,
				32634E352B639186002412BD /* Components */,
				32AB23112B62AAF90033FB37 /* Preview Content */,
				32AB230F2B62AAF90033FB37 /* Assets.xcassets */,
			);
			path = Rocket;
			sourceTree = "<group>";
		};
		32AB23112B62AAF90033FB37 /* Preview Content */ = {
			isa = PBXGroup;
			children = (
				32AB23122B62AAF90033FB37 /* Preview Assets.xcassets */,
			);
			path = "Preview Content";
			sourceTree = "<group>";
		};
		32AB231E2B62B9500033FB37 /* App */ = {
			isa = PBXGroup;
			children = (
				32AB230B2B62AAF70033FB37 /* RocketApp.swift */,
			);
			path = App;
			sourceTree = "<group>";
		};
		32AB231F2B62B9540033FB37 /* Core */ = {
			isa = PBXGroup;
			children = (
				32D1E8B32B6CED05005E1BE8 /* Conversations */,
				32D1E8B02B6CCB8B005E1BE8 /* Assignment */,
				32E894F12B6B94910046066D /* DIspatchWork */,
				32DC93242B6A79DA00559C65 /* Classrooms */,
				32CC360E2B68E592002B7A85 /* Tabbar */,
				3296682F2B67B5650087068C /* HomeScreen */,
				32634E3C2B63C503002412BD /* Authentication */,
				32634E312B638FF8002412BD /* WelcomeView */,
			);
			path = Core;
			sourceTree = "<group>";
		};
		32AB23202B62B96F0033FB37 /* ContentView */ = {
			isa = PBXGroup;
			children = (
				32AB230D2B62AAF70033FB37 /* ContentView.swift */,
			);
			path = ContentView;
			sourceTree = "<group>";
		};
		32AB23212B62B9780033FB37 /* Fonts */ = {
			isa = PBXGroup;
			children = (
				32AB23252B62B9C70033FB37 /* Poppins-Light.ttf */,
				32AB23242B62B9C70033FB37 /* Poppins-Medium.ttf */,
				32AB23232B62B9C70033FB37 /* Poppins-Regular.ttf */,
				32AB23262B62B9C70033FB37 /* Poppins-SemiBold.ttf */,
			);
			path = Fonts;
			sourceTree = "<group>";
		};
		32AB23222B62B9830033FB37 /* CoreData */ = {
			isa = PBXGroup;
			children = (
				32AB23162B62AAF90033FB37 /* Rocket.xcdatamodeld */,
				32AB23142B62AAF90033FB37 /* Persistence.swift */,
			);
			path = CoreData;
			sourceTree = "<group>";
		};
		32CC360E2B68E592002B7A85 /* Tabbar */ = {
			isa = PBXGroup;
			children = (
				32CC36112B68F779002B7A85 /* TabbarView.swift */,
				32CC360F2B68E66A002B7A85 /* TabbarViewModel.swift */,
				322FD9062B7743A400807D07 /* Student */,
				322FD9002B77413600807D07 /* Teacher */,
			);
			path = Tabbar;
			sourceTree = "<group>";
		};
		32CC36182B691C30002B7A85 /* RecievedPDFFIlesBox */ = {
			isa = PBXGroup;
			children = (
				32CC36192B691C55002B7A85 /* RecievedPDFFilesBox.swift */,
			);
			path = RecievedPDFFIlesBox;
			sourceTree = "<group>";
		};
		32CC361B2B691F40002B7A85 /* CustomImageIcons */ = {
			isa = PBXGroup;
			children = (
				32CC361C2B691F51002B7A85 /* PDFFIleIcon.swift */,
				322FD8FE2B77348100807D07 /* UserIconPlaceholder.swift */,
			);
			path = CustomImageIcons;
			sourceTree = "<group>";
		};
		32CC361E2B692693002B7A85 /* ClassroomsListView */ = {
			isa = PBXGroup;
			children = (
				32CC361F2B6926B8002B7A85 /* ClassroomsListView.swift */,
			);
			path = ClassroomsListView;
			sourceTree = "<group>";
		};
		32D1E8AA2B6CB423005E1BE8 /* AssignedWorkBoxItem */ = {
			isa = PBXGroup;
			children = (
				32D1E8AB2B6CB49E005E1BE8 /* AssignedWorkBoxItem.swift */,
			);
			path = AssignedWorkBoxItem;
			sourceTree = "<group>";
		};
		32D1E8AD2B6CC7F5005E1BE8 /* Teacher */ = {
			isa = PBXGroup;
			children = (
				32D1E8AE2B6CC810005E1BE8 /* Teacher_ClassroomView.swift */,
			);
			path = Teacher;
			sourceTree = "<group>";
		};
		32D1E8B02B6CCB8B005E1BE8 /* Assignment */ = {
			isa = PBXGroup;
			children = (
				32D1E8B12B6CCBA0005E1BE8 /* AssignmentInfoView.swift */,
			);
			path = Assignment;
			sourceTree = "<group>";
		};
		32D1E8B32B6CED05005E1BE8 /* Conversations */ = {
			isa = PBXGroup;
			children = (
				32D1E8B52B6CED1B005E1BE8 /* ConversationView.swift */,
			);
			path = Conversations;
			sourceTree = "<group>";
		};
		32D1E8B72B6CEDB2005E1BE8 /* ChatBubbleItem */ = {
			isa = PBXGroup;
			children = (
				32D1E8B82B6CEDC8005E1BE8 /* ChatBubbleItem.swift */,
			);
			path = ChatBubbleItem;
			sourceTree = "<group>";
		};
		32D4DFF32B70B4AC0075E689 /* SocialAuthentication */ = {
			isa = PBXGroup;
			children = (
				32D4DFF42B70B4CD0075E689 /* GoogleAuthentication.swift */,
			);
			path = SocialAuthentication;
			sourceTree = "<group>";
		};
		32DC93242B6A79DA00559C65 /* Classrooms */ = {
			isa = PBXGroup;
			children = (
				32D1E8AD2B6CC7F5005E1BE8 /* Teacher */,
				32DC93252B6A79E300559C65 /* Student */,
			);
			path = Classrooms;
			sourceTree = "<group>";
		};
		32DC93252B6A79E300559C65 /* Student */ = {
			isa = PBXGroup;
			children = (
				32DC93262B6A79F500559C65 /* Student_ClassroomsView.swift */,
				32D1E8A62B6CAEEC005E1BE8 /* Student_JoinedClassrormView.swift */,
			);
			path = Student;
			sourceTree = "<group>";
		};
		32DC93282B6A7A5F00559C65 /* ProfileHeader */ = {
			isa = PBXGroup;
			children = (
				32DC93292B6A7A7500559C65 /* ProfileHeader.swift */,
			);
			path = ProfileHeader;
			sourceTree = "<group>";
		};
		32DC932B2B6A7B3400559C65 /* SearchBar */ = {
			isa = PBXGroup;
			children = (
				32DC932C2B6A7B4400559C65 /* Search_Bar.swift */,
			);
			path = SearchBar;
			sourceTree = "<group>";
		};
		32E894F12B6B94910046066D /* DIspatchWork */ = {
			isa = PBXGroup;
			children = (
				32E894F22B6B94CB0046066D /* DispatchWorkView.swift */,
				32D1E8BA2B6D11CA005E1BE8 /* SelectClassView.swift */,
			);
			path = DIspatchWork;
			sourceTree = "<group>";
		};
/* End PBXGroup section */

/* Begin PBXNativeTarget section */
		32AB23072B62AAF70033FB37 /* Rocket */ = {
			isa = PBXNativeTarget;
			buildConfigurationList = 32AB231B2B62AAF90033FB37 /* Build configuration list for PBXNativeTarget "Rocket" */;
			buildPhases = (
				32AB23042B62AAF70033FB37 /* Sources */,
				32AB23052B62AAF70033FB37 /* Frameworks */,
				32AB23062B62AAF70033FB37 /* Resources */,
			);
			buildRules = (
			);
			dependencies = (
			);
			name = Rocket;
			packageProductDependencies = (
				3283F7BB2B6FB38D00A8164D /* GoogleSignIn */,
				3283F7BD2B6FB38D00A8164D /* GoogleSignInSwift */,
			);
			productName = Rocket;
			productReference = 32AB23082B62AAF70033FB37 /* Rocket.app */;
			productType = "com.apple.product-type.application";
		};
/* End PBXNativeTarget section */

/* Begin PBXProject section */
		32AB23002B62AAF70033FB37 /* Project object */ = {
			isa = PBXProject;
			attributes = {
				BuildIndependentTargetsInParallel = 1;
				LastSwiftUpdateCheck = 1520;
				LastUpgradeCheck = 1520;
				TargetAttributes = {
					32AB23072B62AAF70033FB37 = {
						CreatedOnToolsVersion = 15.2;
					};
				};
			};
			buildConfigurationList = 32AB23032B62AAF70033FB37 /* Build configuration list for PBXProject "Rocket" */;
			compatibilityVersion = "Xcode 14.0";
			developmentRegion = en;
			hasScannedForEncodings = 0;
			knownRegions = (
				en,
				Base,
			);
			mainGroup = 32AB22FF2B62AAF70033FB37;
			packageReferences = (
				3283F7BA2B6FB38D00A8164D /* XCRemoteSwiftPackageReference "GoogleSignIn-iOS" */,
			);
			productRefGroup = 32AB23092B62AAF70033FB37 /* Products */;
			projectDirPath = "";
			projectRoot = "";
			targets = (
				32AB23072B62AAF70033FB37 /* Rocket */,
			);
		};
/* End PBXProject section */

/* Begin PBXResourcesBuildPhase section */
		32AB23062B62AAF70033FB37 /* Resources */ = {
			isa = PBXResourcesBuildPhase;
			buildActionMask = 2147483647;
			files = (
				32AB23272B62B9C70033FB37 /* Poppins-Regular.ttf in Resources */,
				32AB23292B62B9C70033FB37 /* Poppins-Light.ttf in Resources */,
				32AB23282B62B9C70033FB37 /* Poppins-Medium.ttf in Resources */,
				32AB232A2B62B9C70033FB37 /* Poppins-SemiBold.ttf in Resources */,
				32AB23132B62AAF90033FB37 /* Preview Assets.xcassets in Resources */,
				32AB23102B62AAF90033FB37 /* Assets.xcassets in Resources */,
			);
			runOnlyForDeploymentPostprocessing = 0;
		};
/* End PBXResourcesBuildPhase section */

/* Begin PBXSourcesBuildPhase section */
		32AB23042B62AAF70033FB37 /* Sources */ = {
			isa = PBXSourcesBuildPhase;
			buildActionMask = 2147483647;
			files = (
				32D1E8A92B6CB2CE005E1BE8 /* UserCirclePFP.swift in Sources */,
				32634E492B63FB82002412BD /* BlobShape.swift in Sources */,
				32CC361D2B691F51002B7A85 /* PDFFIleIcon.swift in Sources */,
				32CC36122B68F779002B7A85 /* TabbarView.swift in Sources */,
				32DC93272B6A79F500559C65 /* Student_ClassroomsView.swift in Sources */,
				32634E342B639015002412BD /* WelcomeView.swift in Sources */,
				32634E442B63CEEC002412BD /* TextFieldCustomStyle.swift in Sources */,
				322FD9052B7741BC00807D07 /* CustomaTabbarView_Teacher.swift in Sources */,
				324AAA3B2B64E918002443CC /* SelectRoleForRegisterationView.swift in Sources */,
				329668332B67B59C0087068C /* Student_HomeScreenView.swift in Sources */,
				32634E382B63919E002412BD /* ButtonGradients.swift in Sources */,
				32AB23152B62AAF90033FB37 /* Persistence.swift in Sources */,
				32D4DFF52B70B4CD0075E689 /* GoogleAuthentication.swift in Sources */,
				32D1E8B62B6CED1B005E1BE8 /* ConversationView.swift in Sources */,
				32CC36222B6928E5002B7A85 /* ClassroomCirclePFP.swift in Sources */,
				32D1E8B22B6CCBA0005E1BE8 /* AssignmentInfoView.swift in Sources */,
				32E894F32B6B94CB0046066D /* DispatchWorkView.swift in Sources */,
				32DC932D2B6A7B4400559C65 /* Search_Bar.swift in Sources */,
				32634E3B2B63971B002412BD /* TextExtension.swift in Sources */,
				322FD9112B778EB500807D07 /* UserModel.swift in Sources */,
				32D1E8A72B6CAEEC005E1BE8 /* Student_JoinedClassrormView.swift in Sources */,
				324AAA3D2B64EAD2002443CC /* UserAuthenticationModel.swift in Sources */,
				322FD9082B77453100807D07 /* TabbarView_Student.swift in Sources */,
				324AAA3F2B64ED5B002443CC /* RoleSelectionButtons.swift in Sources */,
				322FD8FF2B77348100807D07 /* UserIconPlaceholder.swift in Sources */,
				32CC36102B68E66A002B7A85 /* TabbarViewModel.swift in Sources */,
				32D1E8AC2B6CB49E005E1BE8 /* AssignedWorkBoxItem.swift in Sources */,
				32AB230E2B62AAF70033FB37 /* ContentView.swift in Sources */,
				32CC36202B6926B8002B7A85 /* ClassroomsListView.swift in Sources */,
				329668372B67E7660087068C /* Student_PDFListView.swift in Sources */,
				32D1E8BB2B6D11CA005E1BE8 /* SelectClassView.swift in Sources */,
				322FD9032B77415B00807D07 /* TabbarView_Teacher.swift in Sources */,
				32DC932A2B6A7A7500559C65 /* ProfileHeader.swift in Sources */,
				324AAA412B65109D002443CC /* SignUpView.swift in Sources */,
				322FD90E2B778DFA00807D07 /* BackendManager.swift in Sources */,
				32AB230C2B62AAF70033FB37 /* RocketApp.swift in Sources */,
				32CC36172B691B70002B7A85 /* Teacher_HomeScreenView.swift in Sources */,
				32634E412B63C55D002412BD /* SignInView.swift in Sources */,
				32AB23182B62AAF90033FB37 /* Rocket.xcdatamodeld in Sources */,
				322FD90B2B7788DD00807D07 /* HomeScreenViewModel.swift in Sources */,
				32CC36152B68FAD3002B7A85 /* CustomTabbarView.swift in Sources */,
				32CC361A2B691C55002B7A85 /* RecievedPDFFilesBox.swift in Sources */,
				32D1E8B92B6CEDC8005E1BE8 /* ChatBubbleItem.swift in Sources */,
				32D1E8AF2B6CC810005E1BE8 /* Teacher_ClassroomView.swift in Sources */,
			);
			runOnlyForDeploymentPostprocessing = 0;
		};
/* End PBXSourcesBuildPhase section */

/* Begin XCBuildConfiguration section */
		32AB23192B62AAF90033FB37 /* Debug */ = {
			isa = XCBuildConfiguration;
			buildSettings = {
				ALWAYS_SEARCH_USER_PATHS = NO;
				ASSETCATALOG_COMPILER_GENERATE_SWIFT_ASSET_SYMBOL_EXTENSIONS = YES;
				CLANG_ANALYZER_NONNULL = YES;
				CLANG_ANALYZER_NUMBER_OBJECT_CONVERSION = YES_AGGRESSIVE;
				CLANG_CXX_LANGUAGE_STANDARD = "gnu++20";
				CLANG_ENABLE_MODULES = YES;
				CLANG_ENABLE_OBJC_ARC = YES;
				CLANG_ENABLE_OBJC_WEAK = YES;
				CLANG_WARN_BLOCK_CAPTURE_AUTORELEASING = YES;
				CLANG_WARN_BOOL_CONVERSION = YES;
				CLANG_WARN_COMMA = YES;
				CLANG_WARN_CONSTANT_CONVERSION = YES;
				CLANG_WARN_DEPRECATED_OBJC_IMPLEMENTATIONS = YES;
				CLANG_WARN_DIRECT_OBJC_ISA_USAGE = YES_ERROR;
				CLANG_WARN_DOCUMENTATION_COMMENTS = YES;
				CLANG_WARN_EMPTY_BODY = YES;
				CLANG_WARN_ENUM_CONVERSION = YES;
				CLANG_WARN_INFINITE_RECURSION = YES;
				CLANG_WARN_INT_CONVERSION = YES;
				CLANG_WARN_NON_LITERAL_NULL_CONVERSION = YES;
				CLANG_WARN_OBJC_IMPLICIT_RETAIN_SELF = YES;
				CLANG_WARN_OBJC_LITERAL_CONVERSION = YES;
				CLANG_WARN_OBJC_ROOT_CLASS = YES_ERROR;
				CLANG_WARN_QUOTED_INCLUDE_IN_FRAMEWORK_HEADER = YES;
				CLANG_WARN_RANGE_LOOP_ANALYSIS = YES;
				CLANG_WARN_STRICT_PROTOTYPES = YES;
				CLANG_WARN_SUSPICIOUS_MOVE = YES;
				CLANG_WARN_UNGUARDED_AVAILABILITY = YES_AGGRESSIVE;
				CLANG_WARN_UNREACHABLE_CODE = YES;
				CLANG_WARN__DUPLICATE_METHOD_MATCH = YES;
				COPY_PHASE_STRIP = NO;
				DEBUG_INFORMATION_FORMAT = dwarf;
				ENABLE_STRICT_OBJC_MSGSEND = YES;
				ENABLE_TESTABILITY = YES;
				ENABLE_USER_SCRIPT_SANDBOXING = YES;
				GCC_C_LANGUAGE_STANDARD = gnu17;
				GCC_DYNAMIC_NO_PIC = NO;
				GCC_NO_COMMON_BLOCKS = YES;
				GCC_OPTIMIZATION_LEVEL = 0;
				GCC_PREPROCESSOR_DEFINITIONS = (
					"DEBUG=1",
					"$(inherited)",
				);
				GCC_WARN_64_TO_32_BIT_CONVERSION = YES;
				GCC_WARN_ABOUT_RETURN_TYPE = YES_ERROR;
				GCC_WARN_UNDECLARED_SELECTOR = YES;
				GCC_WARN_UNINITIALIZED_AUTOS = YES_AGGRESSIVE;
				GCC_WARN_UNUSED_FUNCTION = YES;
				GCC_WARN_UNUSED_VARIABLE = YES;
				IPHONEOS_DEPLOYMENT_TARGET = 17.2;
				LOCALIZATION_PREFERS_STRING_CATALOGS = YES;
				MTL_ENABLE_DEBUG_INFO = INCLUDE_SOURCE;
				MTL_FAST_MATH = YES;
				ONLY_ACTIVE_ARCH = YES;
				SDKROOT = iphoneos;
				SWIFT_ACTIVE_COMPILATION_CONDITIONS = "DEBUG $(inherited)";
				SWIFT_OPTIMIZATION_LEVEL = "-Onone";
			};
			name = Debug;
		};
		32AB231A2B62AAF90033FB37 /* Release */ = {
			isa = XCBuildConfiguration;
			buildSettings = {
				ALWAYS_SEARCH_USER_PATHS = NO;
				ASSETCATALOG_COMPILER_GENERATE_SWIFT_ASSET_SYMBOL_EXTENSIONS = YES;
				CLANG_ANALYZER_NONNULL = YES;
				CLANG_ANALYZER_NUMBER_OBJECT_CONVERSION = YES_AGGRESSIVE;
				CLANG_CXX_LANGUAGE_STANDARD = "gnu++20";
				CLANG_ENABLE_MODULES = YES;
				CLANG_ENABLE_OBJC_ARC = YES;
				CLANG_ENABLE_OBJC_WEAK = YES;
				CLANG_WARN_BLOCK_CAPTURE_AUTORELEASING = YES;
				CLANG_WARN_BOOL_CONVERSION = YES;
				CLANG_WARN_COMMA = YES;
				CLANG_WARN_CONSTANT_CONVERSION = YES;
				CLANG_WARN_DEPRECATED_OBJC_IMPLEMENTATIONS = YES;
				CLANG_WARN_DIRECT_OBJC_ISA_USAGE = YES_ERROR;
				CLANG_WARN_DOCUMENTATION_COMMENTS = YES;
				CLANG_WARN_EMPTY_BODY = YES;
				CLANG_WARN_ENUM_CONVERSION = YES;
				CLANG_WARN_INFINITE_RECURSION = YES;
				CLANG_WARN_INT_CONVERSION = YES;
				CLANG_WARN_NON_LITERAL_NULL_CONVERSION = YES;
				CLANG_WARN_OBJC_IMPLICIT_RETAIN_SELF = YES;
				CLANG_WARN_OBJC_LITERAL_CONVERSION = YES;
				CLANG_WARN_OBJC_ROOT_CLASS = YES_ERROR;
				CLANG_WARN_QUOTED_INCLUDE_IN_FRAMEWORK_HEADER = YES;
				CLANG_WARN_RANGE_LOOP_ANALYSIS = YES;
				CLANG_WARN_STRICT_PROTOTYPES = YES;
				CLANG_WARN_SUSPICIOUS_MOVE = YES;
				CLANG_WARN_UNGUARDED_AVAILABILITY = YES_AGGRESSIVE;
				CLANG_WARN_UNREACHABLE_CODE = YES;
				CLANG_WARN__DUPLICATE_METHOD_MATCH = YES;
				COPY_PHASE_STRIP = NO;
				DEBUG_INFORMATION_FORMAT = "dwarf-with-dsym";
				ENABLE_NS_ASSERTIONS = NO;
				ENABLE_STRICT_OBJC_MSGSEND = YES;
				ENABLE_USER_SCRIPT_SANDBOXING = YES;
				GCC_C_LANGUAGE_STANDARD = gnu17;
				GCC_NO_COMMON_BLOCKS = YES;
				GCC_WARN_64_TO_32_BIT_CONVERSION = YES;
				GCC_WARN_ABOUT_RETURN_TYPE = YES_ERROR;
				GCC_WARN_UNDECLARED_SELECTOR = YES;
				GCC_WARN_UNINITIALIZED_AUTOS = YES_AGGRESSIVE;
				GCC_WARN_UNUSED_FUNCTION = YES;
				GCC_WARN_UNUSED_VARIABLE = YES;
				IPHONEOS_DEPLOYMENT_TARGET = 17.2;
				LOCALIZATION_PREFERS_STRING_CATALOGS = YES;
				MTL_ENABLE_DEBUG_INFO = NO;
				MTL_FAST_MATH = YES;
				SDKROOT = iphoneos;
				SWIFT_COMPILATION_MODE = wholemodule;
				VALIDATE_PRODUCT = YES;
			};
			name = Release;
		};
		32AB231C2B62AAF90033FB37 /* Debug */ = {
			isa = XCBuildConfiguration;
			buildSettings = {
				ASSETCATALOG_COMPILER_APPICON_NAME = AppIcon;
				ASSETCATALOG_COMPILER_GLOBAL_ACCENT_COLOR_NAME = AccentColor;
				CODE_SIGN_STYLE = Automatic;
				CURRENT_PROJECT_VERSION = 1;
				DEVELOPMENT_ASSET_PATHS = "\"Rocket/Preview Content\"";
				DEVELOPMENT_TEAM = W4GU8L4AQM;
				ENABLE_PREVIEWS = YES;
				GENERATE_INFOPLIST_FILE = YES;
				INFOPLIST_FILE = Rocket/Info.plist;
				INFOPLIST_KEY_UIApplicationSceneManifest_Generation = YES;
				INFOPLIST_KEY_UIApplicationSupportsIndirectInputEvents = YES;
				INFOPLIST_KEY_UILaunchScreen_Generation = YES;
				INFOPLIST_KEY_UISupportedInterfaceOrientations_iPad = "UIInterfaceOrientationPortrait UIInterfaceOrientationPortraitUpsideDown UIInterfaceOrientationLandscapeLeft UIInterfaceOrientationLandscapeRight";
				INFOPLIST_KEY_UISupportedInterfaceOrientations_iPhone = "UIInterfaceOrientationPortrait UIInterfaceOrientationLandscapeLeft UIInterfaceOrientationLandscapeRight";
				LD_RUNPATH_SEARCH_PATHS = (
					"$(inherited)",
					"@executable_path/Frameworks",
				);
				MARKETING_VERSION = 1.0;
				PRODUCT_BUNDLE_IDENTIFIER = com.manu.Rocket;
				PRODUCT_NAME = "$(TARGET_NAME)";
				SWIFT_EMIT_LOC_STRINGS = YES;
				SWIFT_VERSION = 5.0;
				TARGETED_DEVICE_FAMILY = "1,2";
			};
			name = Debug;
		};
		32AB231D2B62AAF90033FB37 /* Release */ = {
			isa = XCBuildConfiguration;
			buildSettings = {
				ASSETCATALOG_COMPILER_APPICON_NAME = AppIcon;
				ASSETCATALOG_COMPILER_GLOBAL_ACCENT_COLOR_NAME = AccentColor;
				CODE_SIGN_STYLE = Automatic;
				CURRENT_PROJECT_VERSION = 1;
				DEVELOPMENT_ASSET_PATHS = "\"Rocket/Preview Content\"";
				DEVELOPMENT_TEAM = W4GU8L4AQM;
				ENABLE_PREVIEWS = YES;
				GENERATE_INFOPLIST_FILE = YES;
				INFOPLIST_FILE = Rocket/Info.plist;
				INFOPLIST_KEY_UIApplicationSceneManifest_Generation = YES;
				INFOPLIST_KEY_UIApplicationSupportsIndirectInputEvents = YES;
				INFOPLIST_KEY_UILaunchScreen_Generation = YES;
				INFOPLIST_KEY_UISupportedInterfaceOrientations_iPad = "UIInterfaceOrientationPortrait UIInterfaceOrientationPortraitUpsideDown UIInterfaceOrientationLandscapeLeft UIInterfaceOrientationLandscapeRight";
				INFOPLIST_KEY_UISupportedInterfaceOrientations_iPhone = "UIInterfaceOrientationPortrait UIInterfaceOrientationLandscapeLeft UIInterfaceOrientationLandscapeRight";
				LD_RUNPATH_SEARCH_PATHS = (
					"$(inherited)",
					"@executable_path/Frameworks",
				);
				MARKETING_VERSION = 1.0;
				PRODUCT_BUNDLE_IDENTIFIER = com.manu.Rocket;
				PRODUCT_NAME = "$(TARGET_NAME)";
				SWIFT_EMIT_LOC_STRINGS = YES;
				SWIFT_VERSION = 5.0;
				TARGETED_DEVICE_FAMILY = "1,2";
			};
			name = Release;
		};
/* End XCBuildConfiguration section */

/* Begin XCConfigurationList section */
		32AB23032B62AAF70033FB37 /* Build configuration list for PBXProject "Rocket" */ = {
			isa = XCConfigurationList;
			buildConfigurations = (
				32AB23192B62AAF90033FB37 /* Debug */,
				32AB231A2B62AAF90033FB37 /* Release */,
			);
			defaultConfigurationIsVisible = 0;
			defaultConfigurationName = Release;
		};
		32AB231B2B62AAF90033FB37 /* Build configuration list for PBXNativeTarget "Rocket" */ = {
			isa = XCConfigurationList;
			buildConfigurations = (
				32AB231C2B62AAF90033FB37 /* Debug */,
				32AB231D2B62AAF90033FB37 /* Release */,
			);
			defaultConfigurationIsVisible = 0;
			defaultConfigurationName = Release;
		};
/* End XCConfigurationList section */

/* Begin XCRemoteSwiftPackageReference section */
		3283F7BA2B6FB38D00A8164D /* XCRemoteSwiftPackageReference "GoogleSignIn-iOS" */ = {
			isa = XCRemoteSwiftPackageReference;
			repositoryURL = "https://github.com/google/GoogleSignIn-iOS";
			requirement = {
				kind = upToNextMajorVersion;
				minimumVersion = 7.0.0;
			};
		};
/* End XCRemoteSwiftPackageReference section */

/* Begin XCSwiftPackageProductDependency section */
		3283F7BB2B6FB38D00A8164D /* GoogleSignIn */ = {
			isa = XCSwiftPackageProductDependency;
			package = 3283F7BA2B6FB38D00A8164D /* XCRemoteSwiftPackageReference "GoogleSignIn-iOS" */;
			productName = GoogleSignIn;
		};
		3283F7BD2B6FB38D00A8164D /* GoogleSignInSwift */ = {
			isa = XCSwiftPackageProductDependency;
			package = 3283F7BA2B6FB38D00A8164D /* XCRemoteSwiftPackageReference "GoogleSignIn-iOS" */;
			productName = GoogleSignInSwift;
		};
/* End XCSwiftPackageProductDependency section */

/* Begin XCVersionGroup section */
		32AB23162B62AAF90033FB37 /* Rocket.xcdatamodeld */ = {
			isa = XCVersionGroup;
			children = (
				32AB23172B62AAF90033FB37 /* Rocket.xcdatamodel */,
			);
			currentVersion = 32AB23172B62AAF90033FB37 /* Rocket.xcdatamodel */;
			path = Rocket.xcdatamodeld;
			sourceTree = "<group>";
			versionGroupType = wrapper.xcdatamodel;
		};
/* End XCVersionGroup section */
	};
	rootObject = 32AB23002B62AAF70033FB37 /* Project object */;
}
